# This file is automatically @generated by Cargo.
# It is not intended for manual editing.
version = 3

[[package]]
name = "argparse"
version = "3.0.0"
source = "git+https://github.com/shipsimfan/lib-argparse#a66f7717947a35dd99da02a42df060fc27269f5c"
dependencies = [
 "macros 3.0.0",
]

[[package]]
name = "base"
version = "0.1.0"
source = "git+https://github.com/shipsimfan/lib-proc-macro-util#466265c30de3e57aa0365bac5e4de4e54bee56c3"

[[package]]
name = "executor"
version = "0.1.0"
source = "git+https://github.com/shipsimfan/lib-lasync#795855098861ee89081fbf7903f7389c6bde913e"
dependencies = [
 "executor-common",
 "executor-linux",
]

[[package]]
name = "executor-common"
version = "0.1.0"
source = "git+https://github.com/shipsimfan/lib-lasync#795855098861ee89081fbf7903f7389c6bde913e"

[[package]]
name = "executor-linux"
version = "0.1.0"
source = "git+https://github.com/shipsimfan/lib-lasync#795855098861ee89081fbf7903f7389c6bde913e"
dependencies = [
 "executor-common",
 "uring",
]

[[package]]
name = "futures"
version = "0.1.0"
source = "git+https://github.com/shipsimfan/lib-lasync#795855098861ee89081fbf7903f7389c6bde913e"
dependencies = [
 "futures-common",
 "futures-linux",
]

[[package]]
name = "futures-common"
version = "0.1.0"
source = "git+https://github.com/shipsimfan/lib-lasync#795855098861ee89081fbf7903f7389c6bde913e"

[[package]]
name = "futures-linux"
version = "0.1.0"
source = "git+https://github.com/shipsimfan/lib-lasync#795855098861ee89081fbf7903f7389c6bde913e"
dependencies = [
 "executor",
 "futures-common",
]

[[package]]
name = "huntsman"
version = "0.1.0"
source = "git+https://github.com/shipsimfan/huntsman#efe7cb851a94219ea1fdfba3f58ba34519baa537"
dependencies = [
 "lasync",
]

[[package]]
name = "huntsman-http"
version = "0.1.0"
source = "git+https://github.com/shipsimfan/huntsman#efe7cb851a94219ea1fdfba3f58ba34519baa537"
dependencies = [
 "huntsman",
 "lasync",
]

[[package]]
name = "lasync"
version = "0.1.0"
source = "git+https://github.com/shipsimfan/lib-lasync#795855098861ee89081fbf7903f7389c6bde913e"
dependencies = [
 "executor",
 "futures",
]

[[package]]
name = "ldhcp"
version = "0.1.0"
dependencies = [
 "argparse",
 "huntsman",
 "huntsman-http",
 "oak",
 "sql",
 "sql-migrations",
 "sqlite",
]

[[package]]
name = "linux"
version = "0.1.0"
source = "git+https://github.com/shipsimfan/lib-linux#4e8f48d29453a6a63ee1a3456a799865caff114b"

[[package]]
name = "macros"
version = "0.1.0"
source = "git+https://github.com/shipsimfan/lib-proc-macro-util#466265c30de3e57aa0365bac5e4de4e54bee56c3"
dependencies = [
 "base",
]

[[package]]
name = "macros"
version = "3.0.0"
source = "git+https://github.com/shipsimfan/lib-argparse#a66f7717947a35dd99da02a42df060fc27269f5c"
dependencies = [
 "proc-macro-util",
]

[[package]]
name = "oak"
version = "0.1.0"
source = "git+https://github.com/shipsimfan/oak#141b94260eb65720a978278507819ac5fa9dfea9"

[[package]]
name = "proc-macro-util"
version = "0.1.0"
source = "git+https://github.com/shipsimfan/lib-proc-macro-util#466265c30de3e57aa0365bac5e4de4e54bee56c3"
dependencies = [
 "base",
 "macros 0.1.0",
]

[[package]]
name = "sql"
version = "0.1.0"
source = "git+https://github.com/shipsimfan/lib-sql#39697ef09d5c8081d6c7d1d5f42117111a45ce33"

[[package]]
name = "sql-migrations"
version = "0.1.0"
source = "git+https://github.com/shipsimfan/lib-sql-migrations#8dd867dc48b9c1f60ce49e99614a5b2df5e68c10"
dependencies = [
 "sql",
]

[[package]]
name = "sqlite"
version = "0.1.0"
source = "git+https://github.com/shipsimfan/lib-sql#39697ef09d5c8081d6c7d1d5f42117111a45ce33"
dependencies = [
 "sql",
 "sqlite3",
]

[[package]]
name = "sqlite3"
version = "0.1.0"
source = "git+https://github.com/shipsimfan/lib-sqlite3#1ed9439224a35825e58f7c3850ca24f3d27529db"

[[package]]
name = "uring"
version = "0.1.0"
source = "git+https://github.com/shipsimfan/lib-uring#6d403043b4205935db403bb946d4ed9a56f1b46f"
dependencies = [
 "linux",
]
