# This file is automatically @generated by Cargo.
# It is not intended for manual editing.
version = 3

[[package]]
name = "argparse"
version = "3.0.0"
source = "git+https://github.com/shipsimfan/lib-argparse#a66f7717947a35dd99da02a42df060fc27269f5c"
dependencies = [
 "macros 3.0.0",
]

[[package]]
name = "base"
version = "0.1.0"
source = "git+https://github.com/shipsimfan/lib-proc-macro-util#a53a2707afda41796e3395b21c164337212c7ad9"

[[package]]
name = "data-format"
version = "0.1.0"
source = "git+https://github.com/shipsimfan/lib-data-format#636df0ef153e92debfd2218c066e328755579bd5"
dependencies = [
 "macros 0.1.0 (git+https://github.com/shipsimfan/lib-data-format)",
]

[[package]]
name = "executor"
version = "0.1.0"
source = "git+https://github.com/shipsimfan/lib-lasync#3707fd54d92e1154c722168f921d6c93ca74d5d0"
dependencies = [
 "executor-common",
 "executor-linux",
]

[[package]]
name = "executor-common"
version = "0.1.0"
source = "git+https://github.com/shipsimfan/lib-lasync#3707fd54d92e1154c722168f921d6c93ca74d5d0"

[[package]]
name = "executor-linux"
version = "0.1.0"
source = "git+https://github.com/shipsimfan/lib-lasync#3707fd54d92e1154c722168f921d6c93ca74d5d0"
dependencies = [
 "executor-common",
 "uring",
]

[[package]]
name = "futures"
version = "0.1.0"
source = "git+https://github.com/shipsimfan/lib-lasync#3707fd54d92e1154c722168f921d6c93ca74d5d0"
dependencies = [
 "futures-common",
 "futures-linux",
]

[[package]]
name = "futures-common"
version = "0.1.0"
source = "git+https://github.com/shipsimfan/lib-lasync#3707fd54d92e1154c722168f921d6c93ca74d5d0"

[[package]]
name = "futures-linux"
version = "0.1.0"
source = "git+https://github.com/shipsimfan/lib-lasync#3707fd54d92e1154c722168f921d6c93ca74d5d0"
dependencies = [
 "executor",
 "futures-common",
]

[[package]]
name = "huntsman"
version = "0.1.0"
source = "git+https://github.com/shipsimfan/huntsman#0dcbd3218cf12ce79c051b3a5c94197d4763b005"
dependencies = [
 "lasync",
]

[[package]]
name = "huntsman-http"
version = "0.1.0"
source = "git+https://github.com/shipsimfan/huntsman#0dcbd3218cf12ce79c051b3a5c94197d4763b005"
dependencies = [
 "huntsman",
 "lasync",
]

[[package]]
name = "json"
version = "2.0.0"
source = "git+https://github.com/shipsimfan/lib-json?branch=lib-data-format#d394a5fbe13309e486f1e5c5db726f9e51974811"
dependencies = [
 "data-format",
]

[[package]]
name = "lasync"
version = "0.1.0"
source = "git+https://github.com/shipsimfan/lib-lasync#3707fd54d92e1154c722168f921d6c93ca74d5d0"
dependencies = [
 "executor",
 "futures",
]

[[package]]
name = "ldhcpd"
version = "0.1.0"
dependencies = [
 "argparse",
 "data-format",
 "net-utils",
 "router",
]

[[package]]
name = "linux"
version = "0.1.0"
source = "git+https://github.com/shipsimfan/lib-linux#dd77885b4300058bbf465d8d5cf78b8e032dab9b"

[[package]]
name = "macros"
version = "0.1.0"
source = "git+https://github.com/shipsimfan/lib-data-format#636df0ef153e92debfd2218c066e328755579bd5"
dependencies = [
 "proc-macro-util",
]

[[package]]
name = "macros"
version = "0.1.0"
source = "git+https://github.com/shipsimfan/lib-proc-macro-util#a53a2707afda41796e3395b21c164337212c7ad9"
dependencies = [
 "base",
]

[[package]]
name = "macros"
version = "3.0.0"
source = "git+https://github.com/shipsimfan/lib-argparse#a66f7717947a35dd99da02a42df060fc27269f5c"
dependencies = [
 "proc-macro-util",
]

[[package]]
name = "net-utils"
version = "0.1.0"
source = "git+https://github.com/shipsimfan/lib-net-utils#9230abc09298abe7a2cbfe0d36307d8f20c52a30"

[[package]]
name = "oak"
version = "0.1.0"
source = "git+https://github.com/shipsimfan/oak#dcbb507df4563f23aaa987a3a383b988d9e85201"
dependencies = [
 "time",
]

[[package]]
name = "proc-macro-util"
version = "0.1.0"
source = "git+https://github.com/shipsimfan/lib-proc-macro-util#a53a2707afda41796e3395b21c164337212c7ad9"
dependencies = [
 "base",
 "macros 0.1.0 (git+https://github.com/shipsimfan/lib-proc-macro-util)",
]

[[package]]
name = "router"
version = "0.1.0"
source = "git+https://github.com/shipsimfan/lib-router#1ed2caacb418e324c1e0100007cef5cbb0903f4a"
dependencies = [
 "argparse",
 "data-format",
 "huntsman",
 "huntsman-http",
 "json",
 "oak",
 "router-macros",
 "sql",
 "sql-migrations",
 "sqlite",
]

[[package]]
name = "router-macros"
version = "0.1.0"
source = "git+https://github.com/shipsimfan/lib-router#1ed2caacb418e324c1e0100007cef5cbb0903f4a"
dependencies = [
 "proc-macro-util",
]

[[package]]
name = "sql"
version = "0.1.0"
source = "git+https://github.com/shipsimfan/lib-sql#1f5b834fde2760702185b1b40a74f1d45a3e2c4e"

[[package]]
name = "sql-migrations"
version = "0.1.0"
source = "git+https://github.com/shipsimfan/lib-sql-migrations#4de2ee72e61bd1cd03d1ebe9d811fece67a62de0"
dependencies = [
 "sql",
]

[[package]]
name = "sqlite"
version = "0.1.0"
source = "git+https://github.com/shipsimfan/lib-sql#1f5b834fde2760702185b1b40a74f1d45a3e2c4e"
dependencies = [
 "sql",
 "sqlite3",
]

[[package]]
name = "sqlite3"
version = "0.1.0"
source = "git+https://github.com/shipsimfan/lib-sqlite3#28188fcd0ecfd40cc9acdecdb05283f9449b8bcf"

[[package]]
name = "time"
version = "0.0.0"
source = "git+https://github.com/shipsimfan/lib-time#f3ff0d1007a9a3e385a549e1c038e4c62ac06304"
dependencies = [
 "linux",
 "win32",
]

[[package]]
name = "uring"
version = "0.1.0"
source = "git+https://github.com/shipsimfan/lib-uring#6d403043b4205935db403bb946d4ed9a56f1b46f"
dependencies = [
 "linux",
]

[[package]]
name = "win32"
version = "0.1.0"
source = "git+https://github.com/shipsimfan/lib-win32#422ec8c309d14cba4cbef13119931f5449e60d00"
