# This file is automatically @generated by Cargo.
# It is not intended for manual editing.
version = 3

[[package]]
name = "argparse"
version = "3.0.0"
source = "git+https://github.com/shipsimfan/lib-argparse#a66f7717947a35dd99da02a42df060fc27269f5c"
dependencies = [
 "macros 3.0.0",
]

[[package]]
name = "base"
version = "0.1.0"
source = "git+https://github.com/shipsimfan/lib-proc-macro-util#466265c30de3e57aa0365bac5e4de4e54bee56c3"

[[package]]
name = "data-format"
version = "0.1.0"
source = "git+https://github.com/shipsimfan/lib-data-format#e240ff5f7e2adae43840ae00a94da5580fc26453"
dependencies = [
 "macros 0.1.0 (git+https://github.com/shipsimfan/lib-data-format)",
]

[[package]]
name = "executor"
version = "0.1.0"
source = "git+https://github.com/shipsimfan/lib-lasync#795855098861ee89081fbf7903f7389c6bde913e"
dependencies = [
 "executor-common",
 "executor-linux",
]

[[package]]
name = "executor-common"
version = "0.1.0"
source = "git+https://github.com/shipsimfan/lib-lasync#795855098861ee89081fbf7903f7389c6bde913e"

[[package]]
name = "executor-linux"
version = "0.1.0"
source = "git+https://github.com/shipsimfan/lib-lasync#795855098861ee89081fbf7903f7389c6bde913e"
dependencies = [
 "executor-common",
 "uring",
]

[[package]]
name = "futures"
version = "0.1.0"
source = "git+https://github.com/shipsimfan/lib-lasync#795855098861ee89081fbf7903f7389c6bde913e"
dependencies = [
 "futures-common",
 "futures-linux",
]

[[package]]
name = "futures-common"
version = "0.1.0"
source = "git+https://github.com/shipsimfan/lib-lasync#795855098861ee89081fbf7903f7389c6bde913e"

[[package]]
name = "futures-linux"
version = "0.1.0"
source = "git+https://github.com/shipsimfan/lib-lasync#795855098861ee89081fbf7903f7389c6bde913e"
dependencies = [
 "executor",
 "futures-common",
]

[[package]]
name = "huntsman"
version = "0.1.0"
source = "git+https://github.com/shipsimfan/huntsman#98d66a4ab817dc7c7eb5484d03e1cfe87c0bf61f"
dependencies = [
 "lasync",
]

[[package]]
name = "huntsman-http"
version = "0.1.0"
source = "git+https://github.com/shipsimfan/huntsman#98d66a4ab817dc7c7eb5484d03e1cfe87c0bf61f"
dependencies = [
 "huntsman",
 "lasync",
]

[[package]]
name = "json"
version = "2.0.0"
source = "git+https://github.com/shipsimfan/lib-json?branch=lib-data-format#23c5fdf28a477739dab3bb1dffe375fa26bdb195"
dependencies = [
 "data-format",
]

[[package]]
name = "lasync"
version = "0.1.0"
source = "git+https://github.com/shipsimfan/lib-lasync#795855098861ee89081fbf7903f7389c6bde913e"
dependencies = [
 "executor",
 "futures",
]

[[package]]
name = "ldhcpd"
version = "0.1.0"
dependencies = [
 "argparse",
 "data-format",
 "huntsman",
 "huntsman-http",
 "json",
 "net-utils",
 "oak",
 "sql",
 "sql-migrations",
 "sqlite",
]

[[package]]
name = "linux"
version = "0.1.0"
source = "git+https://github.com/shipsimfan/lib-linux#dd77885b4300058bbf465d8d5cf78b8e032dab9b"

[[package]]
name = "macros"
version = "0.1.0"
source = "git+https://github.com/shipsimfan/lib-data-format#e240ff5f7e2adae43840ae00a94da5580fc26453"
dependencies = [
 "proc-macro-util",
]

[[package]]
name = "macros"
version = "0.1.0"
source = "git+https://github.com/shipsimfan/lib-proc-macro-util#466265c30de3e57aa0365bac5e4de4e54bee56c3"
dependencies = [
 "base",
]

[[package]]
name = "macros"
version = "3.0.0"
source = "git+https://github.com/shipsimfan/lib-argparse#a66f7717947a35dd99da02a42df060fc27269f5c"
dependencies = [
 "proc-macro-util",
]

[[package]]
name = "net-utils"
version = "0.1.0"
source = "git+https://github.com/shipsimfan/lib-net-utils#9230abc09298abe7a2cbfe0d36307d8f20c52a30"

[[package]]
name = "oak"
version = "0.1.0"
source = "git+https://github.com/shipsimfan/oak#82fb82df78e87350fe0c83d4d6f5274b3dfdf8b3"
dependencies = [
 "time",
]

[[package]]
name = "proc-macro-util"
version = "0.1.0"
source = "git+https://github.com/shipsimfan/lib-proc-macro-util#466265c30de3e57aa0365bac5e4de4e54bee56c3"
dependencies = [
 "base",
 "macros 0.1.0 (git+https://github.com/shipsimfan/lib-proc-macro-util)",
]

[[package]]
name = "sql"
version = "0.1.0"
source = "git+https://github.com/shipsimfan/lib-sql#f3eeff6845d1f018d6a098202fc566c4c4981786"

[[package]]
name = "sql-migrations"
version = "0.1.0"
source = "git+https://github.com/shipsimfan/lib-sql-migrations#4de2ee72e61bd1cd03d1ebe9d811fece67a62de0"
dependencies = [
 "sql",
]

[[package]]
name = "sqlite"
version = "0.1.0"
source = "git+https://github.com/shipsimfan/lib-sql#f3eeff6845d1f018d6a098202fc566c4c4981786"
dependencies = [
 "sql",
 "sqlite3",
]

[[package]]
name = "sqlite3"
version = "0.1.0"
source = "git+https://github.com/shipsimfan/lib-sqlite3#cbdc992bd37504f7b07ea1f41296636c2d247ca1"

[[package]]
name = "time"
version = "0.0.0"
source = "git+https://github.com/shipsimfan/lib-time#f3ff0d1007a9a3e385a549e1c038e4c62ac06304"
dependencies = [
 "linux",
 "win32",
]

[[package]]
name = "uring"
version = "0.1.0"
source = "git+https://github.com/shipsimfan/lib-uring#6d403043b4205935db403bb946d4ed9a56f1b46f"
dependencies = [
 "linux",
]

[[package]]
name = "win32"
version = "0.1.0"
source = "git+https://github.com/shipsimfan/lib-win32#422ec8c309d14cba4cbef13119931f5449e60d00"
